{
  "name": "backend-frontend",
  "version": "0.1.0",
  "lockfileVersion": 1,
  "requires": true,
  "dependencies": {
    "@popperjs/core": {
      "version": "2.10.1",
      "resolved": "https://registry.npmjs.org/@popperjs/core/-/core-2.10.1.tgz",
      "integrity": "sha512-HnUhk1Sy9IuKrxEMdIRCxpIqPw6BFsbYSEUO9p/hNw5sMld/+3OLMWQP80F8/db9qsv3qUjs7ZR5bS/R+iinXw=="
    },
    "bootstrap": {
      "version": "5.1.1",
      "resolved": "https://registry.npmjs.org/bootstrap/-/bootstrap-5.1.1.tgz",
      "integrity": "sha512-/jUa4sSuDZWlDLQ1gwQQR8uoYSvLJzDd8m5o6bPKh3asLAMYVZKdRCjb1joUd5WXf0WwCNzd2EjwQQhupou0dA=="
    },
    "portal-vue": {
      "version": "2.1.7",
      "resolved": "https://registry.npmjs.org/portal-vue/-/portal-vue-2.1.7.tgz",
      "integrity": "sha512-+yCno2oB3xA7irTt0EU5Ezw22L2J51uKAacE/6hMPMoO/mx3h4rXFkkBkT4GFsMDv/vEe8TNKC3ujJJ0PTwb6g=="
    },
    "vue": {
      "version": "2.6.14",
      "resolved": "https://registry.npmjs.org/vue/-/vue-2.6.14.tgz",
      "integrity": "sha512-x2284lgYvjOMj3Za7kqzRcUSxBboHqtgRE2zlos1qWaOye5yUmHn42LB1250NJBLRwEcdrB0JRwyPTEPhfQjiQ=="
    }
  }
}
